
Microsoft Visual Studio Solution File, Format Version 12.00
# Visual Studio 14
VisualStudioVersion = 14.0.24720.0
MinimumVisualStudioVersion = 10.0.40219.1
Project("{2150E333-8FDC-42A3-9474-1A3956D46DE8}") = "src", "src", "{F1DB6E4F-7D90-47E2-A8DC-2356C3DBD7E1}"
EndProject
Project("{2150E333-8FDC-42A3-9474-1A3956D46DE8}") = "Solution Items", "Solution Items", "{D66E40F7-FBDA-4091-B9CD-301F910ECA55}"
	ProjectSection(SolutionItems) = preProject
		.gitattributes = .gitattributes
		.gitignore = .gitignore
		Crayon.Api.Sdk.sln.DotSettings = Crayon.Api.Sdk.sln.DotSettings
		global.json = global.json
		NuGet.Config = NuGet.Config
		README.md = README.md
	EndProjectSection
EndProject
Project("{8BB2217D-0F2D-49D1-97BC-3654ED321F3B}") = "Crayon.Api.Sdk", "src\Crayon.Api.Sdk\Crayon.Api.Sdk.xproj", "{AC8D931F-9604-4B2A-91C1-685240D38CB5}"
EndProject
Global
	GlobalSection(SolutionConfigurationPlatforms) = preSolution
		Debug|Any CPU = Debug|Any CPU
		Release|Any CPU = Release|Any CPU
	EndGlobalSection
	GlobalSection(ProjectConfigurationPlatforms) = postSolution
		{AC8D931F-9604-4B2A-91C1-685240D38CB5}.Debug|Any CPU.ActiveCfg = Debug|Any CPU
		{AC8D931F-9604-4B2A-91C1-685240D38CB5}.Debug|Any CPU.Build.0 = Debug|Any CPU
		{AC8D931F-9604-4B2A-91C1-685240D38CB5}.Release|Any CPU.ActiveCfg = Release|Any CPU
		{AC8D931F-9604-4B2A-91C1-685240D38CB5}.Release|Any CPU.Build.0 = Release|Any CPU
	EndGlobalSection
	GlobalSection(SolutionProperties) = preSolution
		HideSolutionNode = FALSE
	EndGlobalSection
	GlobalSection(NestedProjects) = preSolution
		{AC8D931F-9604-4B2A-91C1-685240D38CB5} = {F1DB6E4F-7D90-47E2-A8DC-2356C3DBD7E1}
	EndGlobalSection
EndGlobal
